// !$*UTF8*$!
{
	archiveVersion = 1;
	classes = {
	};
	objectVersion = 50;
	objects = {

/* Begin PBXBuildFile section */
		EE6F0F9D26C0F1980040FFAC /* main.cpp in Sources */ = {isa = PBXBuildFile; fileRef = EE6F0F9C26C0F1980040FFAC /* main.cpp */; };
		EE6F0FAE26C109820040FFAC /* main.cpp in Sources */ = {isa = PBXBuildFile; fileRef = EE6F0FAD26C109820040FFAC /* main.cpp */; };
		EE7B75A026BA58F200843BF2 /* main.cpp in Sources */ = {isa = PBXBuildFile; fileRef = EE7B759F26BA58F200843BF2 /* main.cpp */; };
		EEEC28DD26BBBA2A00586DB2 /* main.cpp in Sources */ = {isa = PBXBuildFile; fileRef = EEEC28DC26BBBA2A00586DB2 /* main.cpp */; };
		EEEC28EA26BBC73300586DB2 /* main.cpp in Sources */ = {isa = PBXBuildFile; fileRef = EEEC28E926BBC73300586DB2 /* main.cpp */; };
		EEEC28F826BBCAB400586DB2 /* main.cpp in Sources */ = {isa = PBXBuildFile; fileRef = EEEC28F726BBCAB400586DB2 /* main.cpp */; };
		EEEC290726BBCAD000586DB2 /* main.cpp in Sources */ = {isa = PBXBuildFile; fileRef = EEEC290626BBCAD000586DB2 /* main.cpp */; };
/* End PBXBuildFile section */

/* Begin PBXCopyFilesBuildPhase section */
		EE6F0F9826C0F1980040FFAC /* CopyFiles */ = {
			isa = PBXCopyFilesBuildPhase;
			buildActionMask = 2147483647;
			dstPath = /usr/share/man/man1/;
			dstSubfolderSpec = 0;
			files = (
			);
			runOnlyForDeploymentPostprocessing = 1;
		};
		EE6F0FA926C109820040FFAC /* CopyFiles */ = {
			isa = PBXCopyFilesBuildPhase;
			buildActionMask = 2147483647;
			dstPath = /usr/share/man/man1/;
			dstSubfolderSpec = 0;
			files = (
			);
			runOnlyForDeploymentPostprocessing = 1;
		};
		EE7B759A26BA58F200843BF2 /* CopyFiles */ = {
			isa = PBXCopyFilesBuildPhase;
			buildActionMask = 2147483647;
			dstPath = /usr/share/man/man1/;
			dstSubfolderSpec = 0;
			files = (
			);
			runOnlyForDeploymentPostprocessing = 1;
		};
		EEEC28D826BBBA2A00586DB2 /* CopyFiles */ = {
			isa = PBXCopyFilesBuildPhase;
			buildActionMask = 2147483647;
			dstPath = /usr/share/man/man1/;
			dstSubfolderSpec = 0;
			files = (
			);
			runOnlyForDeploymentPostprocessing = 1;
		};
		EEEC28E526BBC73300586DB2 /* CopyFiles */ = {
			isa = PBXCopyFilesBuildPhase;
			buildActionMask = 2147483647;
			dstPath = /usr/share/man/man1/;
			dstSubfolderSpec = 0;
			files = (
			);
			runOnlyForDeploymentPostprocessing = 1;
		};
		EEEC28F326BBCAB400586DB2 /* CopyFiles */ = {
			isa = PBXCopyFilesBuildPhase;
			buildActionMask = 2147483647;
			dstPath = /usr/share/man/man1/;
			dstSubfolderSpec = 0;
			files = (
			);
			runOnlyForDeploymentPostprocessing = 1;
		};
		EEEC290226BBCAD000586DB2 /* CopyFiles */ = {
			isa = PBXCopyFilesBuildPhase;
			buildActionMask = 2147483647;
			dstPath = /usr/share/man/man1/;
			dstSubfolderSpec = 0;
			files = (
			);
			runOnlyForDeploymentPostprocessing = 1;
		};
/* End PBXCopyFilesBuildPhase section */

/* Begin PBXFileReference section */
		EE6F0F9A26C0F1980040FFAC /* TransferElementsToStack */ = {isa = PBXFileReference; explicitFileType = "compiled.mach-o.executable"; includeInIndex = 0; path = TransferElementsToStack; sourceTree = BUILT_PRODUCTS_DIR; };
		EE6F0F9C26C0F1980040FFAC /* main.cpp */ = {isa = PBXFileReference; lastKnownFileType = sourcecode.cpp.cpp; path = main.cpp; sourceTree = "<group>"; };
		EE6F0FAB26C109820040FFAC /* InterLeavingQueue */ = {isa = PBXFileReference; explicitFileType = "compiled.mach-o.executable"; includeInIndex = 0; path = InterLeavingQueue; sourceTree = BUILT_PRODUCTS_DIR; };
		EE6F0FAD26C109820040FFAC /* main.cpp */ = {isa = PBXFileReference; lastKnownFileType = sourcecode.cpp.cpp; path = main.cpp; sourceTree = "<group>"; };
		EE7B759C26BA58F200843BF2 /* Queue */ = {isa = PBXFileReference; explicitFileType = "compiled.mach-o.executable"; includeInIndex = 0; path = Queue; sourceTree = BUILT_PRODUCTS_DIR; };
		EE7B759F26BA58F200843BF2 /* main.cpp */ = {isa = PBXFileReference; lastKnownFileType = sourcecode.cpp.cpp; path = main.cpp; sourceTree = "<group>"; };
		EEEC28DA26BBBA2A00586DB2 /* ReverseQueueWithQueueAdtOnly */ = {isa = PBXFileReference; explicitFileType = "compiled.mach-o.executable"; includeInIndex = 0; path = ReverseQueueWithQueueAdtOnly; sourceTree = BUILT_PRODUCTS_DIR; };
		EEEC28DC26BBBA2A00586DB2 /* main.cpp */ = {isa = PBXFileReference; lastKnownFileType = sourcecode.cpp.cpp; path = main.cpp; sourceTree = "<group>"; };
		EEEC28E726BBC73300586DB2 /* ImplementQueueUsingStack */ = {isa = PBXFileReference; explicitFileType = "compiled.mach-o.executable"; includeInIndex = 0; path = ImplementQueueUsingStack; sourceTree = BUILT_PRODUCTS_DIR; };
		EEEC28E926BBC73300586DB2 /* main.cpp */ = {isa = PBXFileReference; lastKnownFileType = sourcecode.cpp.cpp; path = main.cpp; sourceTree = "<group>"; };
		EEEC28F526BBCAB400586DB2 /* ImplementStackUsingQueue */ = {isa = PBXFileReference; explicitFileType = "compiled.mach-o.executable"; includeInIndex = 0; path = ImplementStackUsingQueue; sourceTree = BUILT_PRODUCTS_DIR; };
		EEEC28F726BBCAB400586DB2 /* main.cpp */ = {isa = PBXFileReference; lastKnownFileType = sourcecode.cpp.cpp; path = main.cpp; sourceTree = "<group>"; };
		EEEC290426BBCAD000586DB2 /* MaximumSumInSlidingWindow */ = {isa = PBXFileReference; explicitFileType = "compiled.mach-o.executable"; includeInIndex = 0; path = MaximumSumInSlidingWindow; sourceTree = BUILT_PRODUCTS_DIR; };
		EEEC290626BBCAD000586DB2 /* main.cpp */ = {isa = PBXFileReference; lastKnownFileType = sourcecode.cpp.cpp; path = main.cpp; sourceTree = "<group>"; };
/* End PBXFileReference section */

/* Begin PBXFrameworksBuildPhase section */
		EE6F0F9726C0F1980040FFAC /* Frameworks */ = {
			isa = PBXFrameworksBuildPhase;
			buildActionMask = 2147483647;
			files = (
			);
			runOnlyForDeploymentPostprocessing = 0;
		};
		EE6F0FA826C109820040FFAC /* Frameworks */ = {
			isa = PBXFrameworksBuildPhase;
			buildActionMask = 2147483647;
			files = (
			);
			runOnlyForDeploymentPostprocessing = 0;
		};
		EE7B759926BA58F200843BF2 /* Frameworks */ = {
			isa = PBXFrameworksBuildPhase;
			buildActionMask = 2147483647;
			files = (
			);
			runOnlyForDeploymentPostprocessing = 0;
		};
		EEEC28D726BBBA2A00586DB2 /* Frameworks */ = {
			isa = PBXFrameworksBuildPhase;
			buildActionMask = 2147483647;
			files = (
			);
			runOnlyForDeploymentPostprocessing = 0;
		};
		EEEC28E426BBC73300586DB2 /* Frameworks */ = {
			isa = PBXFrameworksBuildPhase;
			buildActionMask = 2147483647;
			files = (
			);
			runOnlyForDeploymentPostprocessing = 0;
		};
		EEEC28F226BBCAB400586DB2 /* Frameworks */ = {
			isa = PBXFrameworksBuildPhase;
			buildActionMask = 2147483647;
			files = (
			);
			runOnlyForDeploymentPostprocessing = 0;
		};
		EEEC290126BBCAD000586DB2 /* Frameworks */ = {
			isa = PBXFrameworksBuildPhase;
			buildActionMask = 2147483647;
			files = (
			);
			runOnlyForDeploymentPostprocessing = 0;
		};
/* End PBXFrameworksBuildPhase section */

/* Begin PBXGroup section */
		EE6F0F9B26C0F1980040FFAC /* TransferElementsToStack */ = {
			isa = PBXGroup;
			children = (
				EE6F0F9C26C0F1980040FFAC /* main.cpp */,
			);
			path = TransferElementsToStack;
			sourceTree = "<group>";
		};
		EE6F0FAC26C109820040FFAC /* InterLeavingQueue */ = {
			isa = PBXGroup;
			children = (
				EE6F0FAD26C109820040FFAC /* main.cpp */,
			);
			path = InterLeavingQueue;
			sourceTree = "<group>";
		};
		EE7B759326BA58F200843BF2 = {
			isa = PBXGroup;
			children = (
				EE7B759E26BA58F200843BF2 /* Queue */,
				EEEC28DB26BBBA2A00586DB2 /* ReverseQueueWithQueueAdtOnly */,
				EEEC28E826BBC73300586DB2 /* ImplementQueueUsingStack */,
				EEEC28F626BBCAB400586DB2 /* ImplementStackUsingQueue */,
				EEEC290526BBCAD000586DB2 /* MaximumSumInSlidingWindow */,
				EE6F0F9B26C0F1980040FFAC /* TransferElementsToStack */,
				EE6F0FAC26C109820040FFAC /* InterLeavingQueue */,
				EE7B759D26BA58F200843BF2 /* Products */,
			);
			sourceTree = "<group>";
		};
		EE7B759D26BA58F200843BF2 /* Products */ = {
			isa = PBXGroup;
			children = (
				EE7B759C26BA58F200843BF2 /* Queue */,
				EEEC28DA26BBBA2A00586DB2 /* ReverseQueueWithQueueAdtOnly */,
				EEEC28E726BBC73300586DB2 /* ImplementQueueUsingStack */,
				EEEC28F526BBCAB400586DB2 /* ImplementStackUsingQueue */,
				EEEC290426BBCAD000586DB2 /* MaximumSumInSlidingWindow */,
				EE6F0F9A26C0F1980040FFAC /* TransferElementsToStack */,
				EE6F0FAB26C109820040FFAC /* InterLeavingQueue */,
			);
			name = Products;
			sourceTree = "<group>";
		};
		EE7B759E26BA58F200843BF2 /* Queue */ = {
			isa = PBXGroup;
			children = (
				EE7B759F26BA58F200843BF2 /* main.cpp */,
			);
			path = Queue;
			sourceTree = "<group>";
		};
		EEEC28DB26BBBA2A00586DB2 /* ReverseQueueWithQueueAdtOnly */ = {
			isa = PBXGroup;
			children = (
				EEEC28DC26BBBA2A00586DB2 /* main.cpp */,
			);
			path = ReverseQueueWithQueueAdtOnly;
			sourceTree = "<group>";
		};
		EEEC28E826BBC73300586DB2 /* ImplementQueueUsingStack */ = {
			isa = PBXGroup;
			children = (
				EEEC28E926BBC73300586DB2 /* main.cpp */,
			);
			path = ImplementQueueUsingStack;
			sourceTree = "<group>";
		};
		EEEC28F626BBCAB400586DB2 /* ImplementStackUsingQueue */ = {
			isa = PBXGroup;
			children = (
				EEEC28F726BBCAB400586DB2 /* main.cpp */,
			);
			path = ImplementStackUsingQueue;
			sourceTree = "<group>";
		};
		EEEC290526BBCAD000586DB2 /* MaximumSumInSlidingWindow */ = {
			isa = PBXGroup;
			children = (
				EEEC290626BBCAD000586DB2 /* main.cpp */,
			);
			path = MaximumSumInSlidingWindow;
			sourceTree = "<group>";
		};
/* End PBXGroup section */

/* Begin PBXNativeTarget section */
		EE6F0F9926C0F1980040FFAC /* TransferElementsToStack */ = {
			isa = PBXNativeTarget;
			buildConfigurationList = EE6F0FA026C0F1980040FFAC /* Build configuration list for PBXNativeTarget "TransferElementsToStack" */;
			buildPhases = (
				EE6F0F9626C0F1980040FFAC /* Sources */,
				EE6F0F9726C0F1980040FFAC /* Frameworks */,
				EE6F0F9826C0F1980040FFAC /* CopyFiles */,
			);
			buildRules = (
			);
			dependencies = (
			);
			name = TransferElementsToStack;
			productName = TransferElementsToStack;
			productReference = EE6F0F9A26C0F1980040FFAC /* TransferElementsToStack */;
			productType = "com.apple.product-type.tool";
		};
		EE6F0FAA26C109820040FFAC /* InterLeavingQueue */ = {
			isa = PBXNativeTarget;
			buildConfigurationList = EE6F0FAF26C109820040FFAC /* Build configuration list for PBXNativeTarget "InterLeavingQueue" */;
			buildPhases = (
				EE6F0FA726C109820040FFAC /* Sources */,
				EE6F0FA826C109820040FFAC /* Frameworks */,
				EE6F0FA926C109820040FFAC /* CopyFiles */,
			);
			buildRules = (
			);
			dependencies = (
			);
			name = InterLeavingQueue;
			productName = InterLeavingQueue;
			productReference = EE6F0FAB26C109820040FFAC /* InterLeavingQueue */;
			productType = "com.apple.product-type.tool";
		};
		EE7B759B26BA58F200843BF2 /* Queue */ = {
			isa = PBXNativeTarget;
			buildConfigurationList = EE7B75A326BA58F200843BF2 /* Build configuration list for PBXNativeTarget "Queue" */;
			buildPhases = (
				EE7B759826BA58F200843BF2 /* Sources */,
				EE7B759926BA58F200843BF2 /* Frameworks */,
				EE7B759A26BA58F200843BF2 /* CopyFiles */,
			);
			buildRules = (
			);
			dependencies = (
			);
			name = Queue;
			productName = Queue;
			productReference = EE7B759C26BA58F200843BF2 /* Queue */;
			productType = "com.apple.product-type.tool";
		};
		EEEC28D926BBBA2A00586DB2 /* ReverseQueueWithQueueAdtOnly */ = {
			isa = PBXNativeTarget;
			buildConfigurationList = EEEC28E026BBBA2A00586DB2 /* Build configuration list for PBXNativeTarget "ReverseQueueWithQueueAdtOnly" */;
			buildPhases = (
				EEEC28D626BBBA2A00586DB2 /* Sources */,
				EEEC28D726BBBA2A00586DB2 /* Frameworks */,
				EEEC28D826BBBA2A00586DB2 /* CopyFiles */,
			);
			buildRules = (
			);
			dependencies = (
			);
			name = ReverseQueueWithQueueAdtOnly;
			productName = ReverseQueueWithQueueAdtOnly;
			productReference = EEEC28DA26BBBA2A00586DB2 /* ReverseQueueWithQueueAdtOnly */;
			productType = "com.apple.product-type.tool";
		};
		EEEC28E626BBC73300586DB2 /* ImplementQueueUsingStack */ = {
			isa = PBXNativeTarget;
			buildConfigurationList = EEEC28EB26BBC73300586DB2 /* Build configuration list for PBXNativeTarget "ImplementQueueUsingStack" */;
			buildPhases = (
				EEEC28E326BBC73300586DB2 /* Sources */,
				EEEC28E426BBC73300586DB2 /* Frameworks */,
				EEEC28E526BBC73300586DB2 /* CopyFiles */,
			);
			buildRules = (
			);
			dependencies = (
			);
			name = ImplementQueueUsingStack;
			productName = ImplementQueueUsingStack;
			productReference = EEEC28E726BBC73300586DB2 /* ImplementQueueUsingStack */;
			productType = "com.apple.product-type.tool";
		};
		EEEC28F426BBCAB400586DB2 /* ImplementStackUsingQueue */ = {
			isa = PBXNativeTarget;
			buildConfigurationList = EEEC28F926BBCAB400586DB2 /* Build configuration list for PBXNativeTarget "ImplementStackUsingQueue" */;
			buildPhases = (
				EEEC28F126BBCAB400586DB2 /* Sources */,
				EEEC28F226BBCAB400586DB2 /* Frameworks */,
				EEEC28F326BBCAB400586DB2 /* CopyFiles */,
			);
			buildRules = (
			);
			dependencies = (
			);
			name = ImplementStackUsingQueue;
			productName = ImplementStackUsingQueue;
			productReference = EEEC28F526BBCAB400586DB2 /* ImplementStackUsingQueue */;
			productType = "com.apple.product-type.tool";
		};
		EEEC290326BBCAD000586DB2 /* MaximumSumInSlidingWindow */ = {
			isa = PBXNativeTarget;
			buildConfigurationList = EEEC290826BBCAD000586DB2 /* Build configuration list for PBXNativeTarget "MaximumSumInSlidingWindow" */;
			buildPhases = (
				EEEC290026BBCAD000586DB2 /* Sources */,
				EEEC290126BBCAD000586DB2 /* Frameworks */,
				EEEC290226BBCAD000586DB2 /* CopyFiles */,
			);
			buildRules = (
			);
			dependencies = (
			);
			name = MaximumSumInSlidingWindow;
			productName = MaximumSumInSlidingWindow;
			productReference = EEEC290426BBCAD000586DB2 /* MaximumSumInSlidingWindow */;
			productType = "com.apple.product-type.tool";
		};
/* End PBXNativeTarget section */

/* Begin PBXProject section */
		EE7B759426BA58F200843BF2 /* Project object */ = {
			isa = PBXProject;
			attributes = {
				LastUpgradeCheck = 1240;
				TargetAttributes = {
					EE6F0F9926C0F1980040FFAC = {
						CreatedOnToolsVersion = 12.4;
					};
					EE6F0FAA26C109820040FFAC = {
						CreatedOnToolsVersion = 12.4;
					};
					EE7B759B26BA58F200843BF2 = {
						CreatedOnToolsVersion = 12.4;
					};
					EEEC28D926BBBA2A00586DB2 = {
						CreatedOnToolsVersion = 12.4;
					};
					EEEC28E626BBC73300586DB2 = {
						CreatedOnToolsVersion = 12.4;
					};
					EEEC28F426BBCAB400586DB2 = {
						CreatedOnToolsVersion = 12.4;
					};
					EEEC290326BBCAD000586DB2 = {
						CreatedOnToolsVersion = 12.4;
					};
				};
			};
			buildConfigurationList = EE7B759726BA58F200843BF2 /* Build configuration list for PBXProject "Queue" */;
			compatibilityVersion = "Xcode 9.3";
			developmentRegion = en;
			hasScannedForEncodings = 0;
			knownRegions = (
				en,
				Base,
			);
			mainGroup = EE7B759326BA58F200843BF2;
			productRefGroup = EE7B759D26BA58F200843BF2 /* Products */;
			projectDirPath = "";
			projectRoot = "";
			targets = (
				EE7B759B26BA58F200843BF2 /* Queue */,
				EEEC28D926BBBA2A00586DB2 /* ReverseQueueWithQueueAdtOnly */,
				EEEC28E626BBC73300586DB2 /* ImplementQueueUsingStack */,
				EEEC28F426BBCAB400586DB2 /* ImplementStackUsingQueue */,
				EEEC290326BBCAD000586DB2 /* MaximumSumInSlidingWindow */,
				EE6F0F9926C0F1980040FFAC /* TransferElementsToStack */,
				EE6F0FAA26C109820040FFAC /* InterLeavingQueue */,
			);
		};
/* End PBXProject section */

/* Begin PBXSourcesBuildPhase section */
		EE6F0F9626C0F1980040FFAC /* Sources */ = {
			isa = PBXSourcesBuildPhase;
			buildActionMask = 2147483647;
			files = (
				EE6F0F9D26C0F1980040FFAC /* main.cpp in Sources */,
			);
			runOnlyForDeploymentPostprocessing = 0;
		};
		EE6F0FA726C109820040FFAC /* Sources */ = {
			isa = PBXSourcesBuildPhase;
			buildActionMask = 2147483647;
			files = (
				EE6F0FAE26C109820040FFAC /* main.cpp in Sources */,
			);
			runOnlyForDeploymentPostprocessing = 0;
		};
		EE7B759826BA58F200843BF2 /* Sources */ = {
			isa = PBXSourcesBuildPhase;
			buildActionMask = 2147483647;
			files = (
				EE7B75A026BA58F200843BF2 /* main.cpp in Sources */,
			);
			runOnlyForDeploymentPostprocessing = 0;
		};
		EEEC28D626BBBA2A00586DB2 /* Sources */ = {
			isa = PBXSourcesBuildPhase;
			buildActionMask = 2147483647;
			files = (
				EEEC28DD26BBBA2A00586DB2 /* main.cpp in Sources */,
			);
			runOnlyForDeploymentPostprocessing = 0;
		};
		EEEC28E326BBC73300586DB2 /* Sources */ = {
			isa = PBXSourcesBuildPhase;
			buildActionMask = 2147483647;
			files = (
				EEEC28EA26BBC73300586DB2 /* main.cpp in Sources */,
			);
			runOnlyForDeploymentPostprocessing = 0;
		};
		EEEC28F126BBCAB400586DB2 /* Sources */ = {
			isa = PBXSourcesBuildPhase;
			buildActionMask = 2147483647;
			files = (
				EEEC28F826BBCAB400586DB2 /* main.cpp in Sources */,
			);
			runOnlyForDeploymentPostprocessing = 0;
		};
		EEEC290026BBCAD000586DB2 /* Sources */ = {
			isa = PBXSourcesBuildPhase;
			buildActionMask = 2147483647;
			files = (
				EEEC290726BBCAD000586DB2 /* main.cpp in Sources */,
			);
			runOnlyForDeploymentPostprocessing = 0;
		};
/* End PBXSourcesBuildPhase section */

/* Begin XCBuildConfiguration section */
		EE6F0F9E26C0F1980040FFAC /* Debug */ = {
			isa = XCBuildConfiguration;
			buildSettings = {
				CODE_SIGN_STYLE = Automatic;
				PRODUCT_NAME = "$(TARGET_NAME)";
			};
			name = Debug;
		};
		EE6F0F9F26C0F1980040FFAC /* Release */ = {
			isa = XCBuildConfiguration;
			buildSettings = {
				CODE_SIGN_STYLE = Automatic;
				PRODUCT_NAME = "$(TARGET_NAME)";
			};
			name = Release;
		};
		EE6F0FB026C109820040FFAC /* Debug */ = {
			isa = XCBuildConfiguration;
			buildSettings = {
				CODE_SIGN_STYLE = Automatic;
				PRODUCT_NAME = "$(TARGET_NAME)";
			};
			name = Debug;
		};
		EE6F0FB126C109820040FFAC /* Release */ = {
			isa = XCBuildConfiguration;
			buildSettings = {
				CODE_SIGN_STYLE = Automatic;
				PRODUCT_NAME = "$(TARGET_NAME)";
			};
			name = Release;
		};
		EE7B75A126BA58F200843BF2 /* Debug */ = {
			isa = XCBuildConfiguration;
			buildSettings = {
				ALWAYS_SEARCH_USER_PATHS = NO;
				CLANG_ANALYZER_NONNULL = YES;
				CLANG_ANALYZER_NUMBER_OBJECT_CONVERSION = YES_AGGRESSIVE;
				CLANG_CXX_LANGUAGE_STANDARD = "gnu++14";
				CLANG_CXX_LIBRARY = "libc++";
				CLANG_ENABLE_MODULES = YES;
				CLANG_ENABLE_OBJC_ARC = YES;
				CLANG_ENABLE_OBJC_WEAK = YES;
				CLANG_WARN_BLOCK_CAPTURE_AUTORELEASING = YES;
				CLANG_WARN_BOOL_CONVERSION = YES;
				CLANG_WARN_COMMA = YES;
				CLANG_WARN_CONSTANT_CONVERSION = YES;
				CLANG_WARN_DEPRECATED_OBJC_IMPLEMENTATIONS = YES;
				CLANG_WARN_DIRECT_OBJC_ISA_USAGE = YES_ERROR;
				CLANG_WARN_DOCUMENTATION_COMMENTS = YES;
				CLANG_WARN_EMPTY_BODY = YES;
				CLANG_WARN_ENUM_CONVERSION = YES;
				CLANG_WARN_INFINITE_RECURSION = YES;
				CLANG_WARN_INT_CONVERSION = YES;
				CLANG_WARN_NON_LITERAL_NULL_CONVERSION = YES;
				CLANG_WARN_OBJC_IMPLICIT_RETAIN_SELF = YES;
				CLANG_WARN_OBJC_LITERAL_CONVERSION = YES;
				CLANG_WARN_OBJC_ROOT_CLASS = YES_ERROR;
				CLANG_WARN_QUOTED_INCLUDE_IN_FRAMEWORK_HEADER = YES;
				CLANG_WARN_RANGE_LOOP_ANALYSIS = YES;
				CLANG_WARN_STRICT_PROTOTYPES = YES;
				CLANG_WARN_SUSPICIOUS_MOVE = YES;
				CLANG_WARN_UNGUARDED_AVAILABILITY = YES_AGGRESSIVE;
				CLANG_WARN_UNREACHABLE_CODE = YES;
				CLANG_WARN__DUPLICATE_METHOD_MATCH = YES;
				COPY_PHASE_STRIP = NO;
				DEBUG_INFORMATION_FORMAT = dwarf;
				ENABLE_STRICT_OBJC_MSGSEND = YES;
				ENABLE_TESTABILITY = YES;
				GCC_C_LANGUAGE_STANDARD = gnu11;
				GCC_DYNAMIC_NO_PIC = NO;
				GCC_NO_COMMON_BLOCKS = YES;
				GCC_OPTIMIZATION_LEVEL = 0;
				GCC_PREPROCESSOR_DEFINITIONS = (
					"DEBUG=1",
					"$(inherited)",
				);
				GCC_WARN_64_TO_32_BIT_CONVERSION = YES;
				GCC_WARN_ABOUT_RETURN_TYPE = YES_ERROR;
				GCC_WARN_UNDECLARED_SELECTOR = YES;
				GCC_WARN_UNINITIALIZED_AUTOS = YES_AGGRESSIVE;
				GCC_WARN_UNUSED_FUNCTION = YES;
				GCC_WARN_UNUSED_VARIABLE = YES;
				MACOSX_DEPLOYMENT_TARGET = 11.1;
				MTL_ENABLE_DEBUG_INFO = INCLUDE_SOURCE;
				MTL_FAST_MATH = YES;
				ONLY_ACTIVE_ARCH = YES;
				SDKROOT = macosx;
			};
			name = Debug;
		};
		EE7B75A226BA58F200843BF2 /* Release */ = {
			isa = XCBuildConfiguration;
			buildSettings = {
				ALWAYS_SEARCH_USER_PATHS = NO;
				CLANG_ANALYZER_NONNULL = YES;
				CLANG_ANALYZER_NUMBER_OBJECT_CONVERSION = YES_AGGRESSIVE;
				CLANG_CXX_LANGUAGE_STANDARD = "gnu++14";
				CLANG_CXX_LIBRARY = "libc++";
				CLANG_ENABLE_MODULES = YES;
				CLANG_ENABLE_OBJC_ARC = YES;
				CLANG_ENABLE_OBJC_WEAK = YES;
				CLANG_WARN_BLOCK_CAPTURE_AUTORELEASING = YES;
				CLANG_WARN_BOOL_CONVERSION = YES;
				CLANG_WARN_COMMA = YES;
				CLANG_WARN_CONSTANT_CONVERSION = YES;
				CLANG_WARN_DEPRECATED_OBJC_IMPLEMENTATIONS = YES;
				CLANG_WARN_DIRECT_OBJC_ISA_USAGE = YES_ERROR;
				CLANG_WARN_DOCUMENTATION_COMMENTS = YES;
				CLANG_WARN_EMPTY_BODY = YES;
				CLANG_WARN_ENUM_CONVERSION = YES;
				CLANG_WARN_INFINITE_RECURSION = YES;
				CLANG_WARN_INT_CONVERSION = YES;
				CLANG_WARN_NON_LITERAL_NULL_CONVERSION = YES;
				CLANG_WARN_OBJC_IMPLICIT_RETAIN_SELF = YES;
				CLANG_WARN_OBJC_LITERAL_CONVERSION = YES;
				CLANG_WARN_OBJC_ROOT_CLASS = YES_ERROR;
				CLANG_WARN_QUOTED_INCLUDE_IN_FRAMEWORK_HEADER = YES;
				CLANG_WARN_RANGE_LOOP_ANALYSIS = YES;
				CLANG_WARN_STRICT_PROTOTYPES = YES;
				CLANG_WARN_SUSPICIOUS_MOVE = YES;
				CLANG_WARN_UNGUARDED_AVAILABILITY = YES_AGGRESSIVE;
				CLANG_WARN_UNREACHABLE_CODE = YES;
				CLANG_WARN__DUPLICATE_METHOD_MATCH = YES;
				COPY_PHASE_STRIP = NO;
				DEBUG_INFORMATION_FORMAT = "dwarf-with-dsym";
				ENABLE_NS_ASSERTIONS = NO;
				ENABLE_STRICT_OBJC_MSGSEND = YES;
				GCC_C_LANGUAGE_STANDARD = gnu11;
				GCC_NO_COMMON_BLOCKS = YES;
				GCC_WARN_64_TO_32_BIT_CONVERSION = YES;
				GCC_WARN_ABOUT_RETURN_TYPE = YES_ERROR;
				GCC_WARN_UNDECLARED_SELECTOR = YES;
				GCC_WARN_UNINITIALIZED_AUTOS = YES_AGGRESSIVE;
				GCC_WARN_UNUSED_FUNCTION = YES;
				GCC_WARN_UNUSED_VARIABLE = YES;
				MACOSX_DEPLOYMENT_TARGET = 11.1;
				MTL_ENABLE_DEBUG_INFO = NO;
				MTL_FAST_MATH = YES;
				SDKROOT = macosx;
			};
			name = Release;
		};
		EE7B75A426BA58F200843BF2 /* Debug */ = {
			isa = XCBuildConfiguration;
			buildSettings = {
				CODE_SIGN_STYLE = Automatic;
				PRODUCT_NAME = "$(TARGET_NAME)";
			};
			name = Debug;
		};
		EE7B75A526BA58F200843BF2 /* Release */ = {
			isa = XCBuildConfiguration;
			buildSettings = {
				CODE_SIGN_STYLE = Automatic;
				PRODUCT_NAME = "$(TARGET_NAME)";
			};
			name = Release;
		};
		EEEC28DE26BBBA2A00586DB2 /* Debug */ = {
			isa = XCBuildConfiguration;
			buildSettings = {
				CODE_SIGN_STYLE = Automatic;
				PRODUCT_NAME = "$(TARGET_NAME)";
			};
			name = Debug;
		};
		EEEC28DF26BBBA2A00586DB2 /* Release */ = {
			isa = XCBuildConfiguration;
			buildSettings = {
				CODE_SIGN_STYLE = Automatic;
				PRODUCT_NAME = "$(TARGET_NAME)";
			};
			name = Release;
		};
		EEEC28EC26BBC73300586DB2 /* Debug */ = {
			isa = XCBuildConfiguration;
			buildSettings = {
				CODE_SIGN_STYLE = Automatic;
				PRODUCT_NAME = "$(TARGET_NAME)";
			};
			name = Debug;
		};
		EEEC28ED26BBC73300586DB2 /* Release */ = {
			isa = XCBuildConfiguration;
			buildSettings = {
				CODE_SIGN_STYLE = Automatic;
				PRODUCT_NAME = "$(TARGET_NAME)";
			};
			name = Release;
		};
		EEEC28FA26BBCAB400586DB2 /* Debug */ = {
			isa = XCBuildConfiguration;
			buildSettings = {
				CODE_SIGN_STYLE = Automatic;
				PRODUCT_NAME = "$(TARGET_NAME)";
			};
			name = Debug;
		};
		EEEC28FB26BBCAB400586DB2 /* Release */ = {
			isa = XCBuildConfiguration;
			buildSettings = {
				CODE_SIGN_STYLE = Automatic;
				PRODUCT_NAME = "$(TARGET_NAME)";
			};
			name = Release;
		};
		EEEC290926BBCAD000586DB2 /* Debug */ = {
			isa = XCBuildConfiguration;
			buildSettings = {
				CODE_SIGN_STYLE = Automatic;
				PRODUCT_NAME = "$(TARGET_NAME)";
			};
			name = Debug;
		};
		EEEC290A26BBCAD000586DB2 /* Release */ = {
			isa = XCBuildConfiguration;
			buildSettings = {
				CODE_SIGN_STYLE = Automatic;
				PRODUCT_NAME = "$(TARGET_NAME)";
			};
			name = Release;
		};
/* End XCBuildConfiguration section */

/* Begin XCConfigurationList section */
		EE6F0FA026C0F1980040FFAC /* Build configuration list for PBXNativeTarget "TransferElementsToStack" */ = {
			isa = XCConfigurationList;
			buildConfigurations = (
				EE6F0F9E26C0F1980040FFAC /* Debug */,
				EE6F0F9F26C0F1980040FFAC /* Release */,
			);
			defaultConfigurationIsVisible = 0;
			defaultConfigurationName = Release;
		};
		EE6F0FAF26C109820040FFAC /* Build configuration list for PBXNativeTarget "InterLeavingQueue" */ = {
			isa = XCConfigurationList;
			buildConfigurations = (
				EE6F0FB026C109820040FFAC /* Debug */,
				EE6F0FB126C109820040FFAC /* Release */,
			);
			defaultConfigurationIsVisible = 0;
			defaultConfigurationName = Release;
		};
		EE7B759726BA58F200843BF2 /* Build configuration list for PBXProject "Queue" */ = {
			isa = XCConfigurationList;
			buildConfigurations = (
				EE7B75A126BA58F200843BF2 /* Debug */,
				EE7B75A226BA58F200843BF2 /* Release */,
			);
			defaultConfigurationIsVisible = 0;
			defaultConfigurationName = Release;
		};
		EE7B75A326BA58F200843BF2 /* Build configuration list for PBXNativeTarget "Queue" */ = {
			isa = XCConfigurationList;
			buildConfigurations = (
				EE7B75A426BA58F200843BF2 /* Debug */,
				EE7B75A526BA58F200843BF2 /* Release */,
			);
			defaultConfigurationIsVisible = 0;
			defaultConfigurationName = Release;
		};
		EEEC28E026BBBA2A00586DB2 /* Build configuration list for PBXNativeTarget "ReverseQueueWithQueueAdtOnly" */ = {
			isa = XCConfigurationList;
			buildConfigurations = (
				EEEC28DE26BBBA2A00586DB2 /* Debug */,
				EEEC28DF26BBBA2A00586DB2 /* Release */,
			);
			defaultConfigurationIsVisible = 0;
			defaultConfigurationName = Release;
		};
		EEEC28EB26BBC73300586DB2 /* Build configuration list for PBXNativeTarget "ImplementQueueUsingStack" */ = {
			isa = XCConfigurationList;
			buildConfigurations = (
				EEEC28EC26BBC73300586DB2 /* Debug */,
				EEEC28ED26BBC73300586DB2 /* Release */,
			);
			defaultConfigurationIsVisible = 0;
			defaultConfigurationName = Release;
		};
		EEEC28F926BBCAB400586DB2 /* Build configuration list for PBXNativeTarget "ImplementStackUsingQueue" */ = {
			isa = XCConfigurationList;
			buildConfigurations = (
				EEEC28FA26BBCAB400586DB2 /* Debug */,
				EEEC28FB26BBCAB400586DB2 /* Release */,
			);
			defaultConfigurationIsVisible = 0;
			defaultConfigurationName = Release;
		};
		EEEC290826BBCAD000586DB2 /* Build configuration list for PBXNativeTarget "MaximumSumInSlidingWindow" */ = {
			isa = XCConfigurationList;
			buildConfigurations = (
				EEEC290926BBCAD000586DB2 /* Debug */,
				EEEC290A26BBCAD000586DB2 /* Release */,
			);
			defaultConfigurationIsVisible = 0;
			defaultConfigurationName = Release;
		};
/* End XCConfigurationList section */
	};
	rootObject = EE7B759426BA58F200843BF2 /* Project object */;
}
